// !$*UTF8*$!
{
	archiveVersion = 1;
	classes = {
	};
	objectVersion = 56;
	objects = {

/* Begin PBXBuildFile section */
		0CE5B1882A995A6100188ABF /* ChatAppApp.swift in Sources */ = {isa = PBXBuildFile; fileRef = 0CE5B1872A995A6100188ABF /* ChatAppApp.swift */; };
		0CE5B18A2A995A6100188ABF /* ContentView.swift in Sources */ = {isa = PBXBuildFile; fileRef = 0CE5B1892A995A6100188ABF /* ContentView.swift */; };
		0CE5B18C2A995A6200188ABF /* Assets.xcassets in Resources */ = {isa = PBXBuildFile; fileRef = 0CE5B18B2A995A6200188ABF /* Assets.xcassets */; };
		0CE5B18F2A995A6200188ABF /* Preview Assets.xcassets in Resources */ = {isa = PBXBuildFile; fileRef = 0CE5B18E2A995A6200188ABF /* Preview Assets.xcassets */; };
		0CE5B1972A995C1100188ABF /* TitleRow.swift in Sources */ = {isa = PBXBuildFile; fileRef = 0CE5B1962A995C1100188ABF /* TitleRow.swift */; };
		0CE5B19A2A995E0900188ABF /* Message.swift in Sources */ = {isa = PBXBuildFile; fileRef = 0CE5B1992A995E0900188ABF /* Message.swift */; };
		0CE5B19C2A995E6300188ABF /* MessageBubble.swift in Sources */ = {isa = PBXBuildFile; fileRef = 0CE5B19B2A995E6300188ABF /* MessageBubble.swift */; };
		0CE5B19E2A99651E00188ABF /* Extensions.swift in Sources */ = {isa = PBXBuildFile; fileRef = 0CE5B19D2A99651E00188ABF /* Extensions.swift */; };
		0CE5B1A02A99659E00188ABF /* MessageField.swift in Sources */ = {isa = PBXBuildFile; fileRef = 0CE5B19F2A99659E00188ABF /* MessageField.swift */; };
		0CE5B1A22A99683400188ABF /* GoogleService-Info.plist in Resources */ = {isa = PBXBuildFile; fileRef = 0CE5B1A12A99683400188ABF /* GoogleService-Info.plist */; };
		0CE5B1A52A9968AF00188ABF /* FirebaseFirestore in Frameworks */ = {isa = PBXBuildFile; productRef = 0CE5B1A42A9968AF00188ABF /* FirebaseFirestore */; };
		0CE5B1A72A9968AF00188ABF /* FirebaseFirestoreSwift in Frameworks */ = {isa = PBXBuildFile; productRef = 0CE5B1A62A9968AF00188ABF /* FirebaseFirestoreSwift */; };
		0CE5B1A92A996B1800188ABF /* MessagesManager.swift in Sources */ = {isa = PBXBuildFile; fileRef = 0CE5B1A82A996B1800188ABF /* MessagesManager.swift */; };
/* End PBXBuildFile section */

/* Begin PBXFileReference section */
		0CE5B1842A995A6100188ABF /* ChatApp.app */ = {isa = PBXFileReference; explicitFileType = wrapper.application; includeInIndex = 0; path = ChatApp.app; sourceTree = BUILT_PRODUCTS_DIR; };
		0CE5B1872A995A6100188ABF /* ChatAppApp.swift */ = {isa = PBXFileReference; lastKnownFileType = sourcecode.swift; path = ChatAppApp.swift; sourceTree = "<group>"; };
		0CE5B1892A995A6100188ABF /* ContentView.swift */ = {isa = PBXFileReference; lastKnownFileType = sourcecode.swift; path = ContentView.swift; sourceTree = "<group>"; };
		0CE5B18B2A995A6200188ABF /* Assets.xcassets */ = {isa = PBXFileReference; lastKnownFileType = folder.assetcatalog; path = Assets.xcassets; sourceTree = "<group>"; };
		0CE5B18E2A995A6200188ABF /* Preview Assets.xcassets */ = {isa = PBXFileReference; lastKnownFileType = folder.assetcatalog; path = "Preview Assets.xcassets"; sourceTree = "<group>"; };
		0CE5B1962A995C1100188ABF /* TitleRow.swift */ = {isa = PBXFileReference; lastKnownFileType = sourcecode.swift; path = TitleRow.swift; sourceTree = "<group>"; };
		0CE5B1992A995E0900188ABF /* Message.swift */ = {isa = PBXFileReference; lastKnownFileType = sourcecode.swift; path = Message.swift; sourceTree = "<group>"; };
		0CE5B19B2A995E6300188ABF /* MessageBubble.swift */ = {isa = PBXFileReference; lastKnownFileType = sourcecode.swift; path = MessageBubble.swift; sourceTree = "<group>"; };
		0CE5B19D2A99651E00188ABF /* Extensions.swift */ = {isa = PBXFileReference; lastKnownFileType = sourcecode.swift; path = Extensions.swift; sourceTree = "<group>"; };
		0CE5B19F2A99659E00188ABF /* MessageField.swift */ = {isa = PBXFileReference; lastKnownFileType = sourcecode.swift; path = MessageField.swift; sourceTree = "<group>"; };
		0CE5B1A12A99683400188ABF /* GoogleService-Info.plist */ = {isa = PBXFileReference; fileEncoding = 4; lastKnownFileType = text.plist.xml; path = "GoogleService-Info.plist"; sourceTree = "<group>"; };
		0CE5B1A82A996B1800188ABF /* MessagesManager.swift */ = {isa = PBXFileReference; lastKnownFileType = sourcecode.swift; path = MessagesManager.swift; sourceTree = "<group>"; };
/* End PBXFileReference section */

/* Begin PBXFrameworksBuildPhase section */
		0CE5B1812A995A6100188ABF /* Frameworks */ = {
			isa = PBXFrameworksBuildPhase;
			buildActionMask = 2147483647;
			files = (
				0CE5B1A52A9968AF00188ABF /* FirebaseFirestore in Frameworks */,
				0CE5B1A72A9968AF00188ABF /* FirebaseFirestoreSwift in Frameworks */,
			);
			runOnlyForDeploymentPostprocessing = 0;
		};
/* End PBXFrameworksBuildPhase section */

/* Begin PBXGroup section */
		0CE5B17B2A995A6100188ABF = {
			isa = PBXGroup;
			children = (
				0CE5B1862A995A6100188ABF /* ChatApp */,
				0CE5B1852A995A6100188ABF /* Products */,
			);
			sourceTree = "<group>";
		};
		0CE5B1852A995A6100188ABF /* Products */ = {
			isa = PBXGroup;
			children = (
				0CE5B1842A995A6100188ABF /* ChatApp.app */,
			);
			name = Products;
			sourceTree = "<group>";
		};
		0CE5B1862A995A6100188ABF /* ChatApp */ = {
			isa = PBXGroup;
			children = (
				0CE5B1982A995DFF00188ABF /* Models */,
				0CE5B1952A995BFC00188ABF /* Components */,
				0CE5B1872A995A6100188ABF /* ChatAppApp.swift */,
				0CE5B1892A995A6100188ABF /* ContentView.swift */,
				0CE5B1A82A996B1800188ABF /* MessagesManager.swift */,
				0CE5B19D2A99651E00188ABF /* Extensions.swift */,
				0CE5B18B2A995A6200188ABF /* Assets.xcassets */,
				0CE5B18D2A995A6200188ABF /* Preview Content */,
				0CE5B1A12A99683400188ABF /* GoogleService-Info.plist */,
			);
			path = ChatApp;
			sourceTree = "<group>";
		};
		0CE5B18D2A995A6200188ABF /* Preview Content */ = {
			isa = PBXGroup;
			children = (
				0CE5B18E2A995A6200188ABF /* Preview Assets.xcassets */,
			);
			path = "Preview Content";
			sourceTree = "<group>";
		};
		0CE5B1952A995BFC00188ABF /* Components */ = {
			isa = PBXGroup;
			children = (
				0CE5B1962A995C1100188ABF /* TitleRow.swift */,
				0CE5B19B2A995E6300188ABF /* MessageBubble.swift */,
				0CE5B19F2A99659E00188ABF /* MessageField.swift */,
			);
			path = Components;
			sourceTree = "<group>";
		};
		0CE5B1982A995DFF00188ABF /* Models */ = {
			isa = PBXGroup;
			children = (
				0CE5B1992A995E0900188ABF /* Message.swift */,
			);
			path = Models;
			sourceTree = "<group>";
		};
/* End PBXGroup section */

/* Begin PBXNativeTarget section */
		0CE5B1832A995A6100188ABF /* ChatApp */ = {
			isa = PBXNativeTarget;
			buildConfigurationList = 0CE5B1922A995A6200188ABF /* Build configuration list for PBXNativeTarget "ChatApp" */;
			buildPhases = (
				0CE5B1802A995A6100188ABF /* Sources */,
				0CE5B1812A995A6100188ABF /* Frameworks */,
				0CE5B1822A995A6100188ABF /* Resources */,
			);
			buildRules = (
			);
			dependencies = (
			);
			name = ChatApp;
			packageProductDependencies = (
				0CE5B1A42A9968AF00188ABF /* FirebaseFirestore */,
				0CE5B1A62A9968AF00188ABF /* FirebaseFirestoreSwift */,
			);
			productName = ChatApp;
			productReference = 0CE5B1842A995A6100188ABF /* ChatApp.app */;
			productType = "com.apple.product-type.application";
		};
/* End PBXNativeTarget section */

/* Begin PBXProject section */
		0CE5B17C2A995A6100188ABF /* Project object */ = {
			isa = PBXProject;
			attributes = {
				BuildIndependentTargetsInParallel = 1;
				LastSwiftUpdateCheck = 1430;
				LastUpgradeCheck = 1430;
				TargetAttributes = {
					0CE5B1832A995A6100188ABF = {
						CreatedOnToolsVersion = 14.3.1;
					};
				};
			};
			buildConfigurationList = 0CE5B17F2A995A6100188ABF /* Build configuration list for PBXProject "ChatApp" */;
			compatibilityVersion = "Xcode 14.0";
			developmentRegion = en;
			hasScannedForEncodings = 0;
			knownRegions = (
				en,
				Base,
			);
			mainGroup = 0CE5B17B2A995A6100188ABF;
			packageReferences = (
				0CE5B1A32A9968AF00188ABF /* XCRemoteSwiftPackageReference "firebase-ios-sdk" */,
			);
			productRefGroup = 0CE5B1852A995A6100188ABF /* Products */;
			projectDirPath = "";
			projectRoot = "";
			targets = (
				0CE5B1832A995A6100188ABF /* ChatApp */,
			);
		};
/* End PBXProject section */

/* Begin PBXResourcesBuildPhase section */
		0CE5B1822A995A6100188ABF /* Resources */ = {
			isa = PBXResourcesBuildPhase;
			buildActionMask = 2147483647;
			files = (
				0CE5B18F2A995A6200188ABF /* Preview Assets.xcassets in Resources */,
				0CE5B18C2A995A6200188ABF /* Assets.xcassets in Resources */,
				0CE5B1A22A99683400188ABF /* GoogleService-Info.plist in Resources */,
			);
			runOnlyForDeploymentPostprocessing = 0;
		};
/* End PBXResourcesBuildPhase section */

/* Begin PBXSourcesBuildPhase section */
		0CE5B1802A995A6100188ABF /* Sources */ = {
			isa = PBXSourcesBuildPhase;
			buildActionMask = 2147483647;
			files = (
				0CE5B18A2A995A6100188ABF /* ContentView.swift in Sources */,
				0CE5B19E2A99651E00188ABF /* Extensions.swift in Sources */,
				0CE5B19A2A995E0900188ABF /* Message.swift in Sources */,
				0CE5B1A92A996B1800188ABF /* MessagesManager.swift in Sources */,
				0CE5B1A02A99659E00188ABF /* MessageField.swift in Sources */,
				0CE5B19C2A995E6300188ABF /* MessageBubble.swift in Sources */,
				0CE5B1882A995A6100188ABF /* ChatAppApp.swift in Sources */,
				0CE5B1972A995C1100188ABF /* TitleRow.swift in Sources */,
			);
			runOnlyForDeploymentPostprocessing = 0;
		};
/* End PBXSourcesBuildPhase section */

/* Begin XCBuildConfiguration section */
		0CE5B1902A995A6200188ABF /* Debug */ = {
			isa = XCBuildConfiguration;
			buildSettings = {
				ALWAYS_SEARCH_USER_PATHS = NO;
				CLANG_ANALYZER_NONNULL = YES;
				CLANG_ANALYZER_NUMBER_OBJECT_CONVERSION = YES_AGGRESSIVE;
				CLANG_CXX_LANGUAGE_STANDARD = "gnu++20";
				CLANG_ENABLE_MODULES = YES;
				CLANG_ENABLE_OBJC_ARC = YES;
				CLANG_ENABLE_OBJC_WEAK = YES;
				CLANG_WARN_BLOCK_CAPTURE_AUTORELEASING = YES;
				CLANG_WARN_BOOL_CONVERSION = YES;
				CLANG_WARN_COMMA = YES;
				CLANG_WARN_CONSTANT_CONVERSION = YES;
				CLANG_WARN_DEPRECATED_OBJC_IMPLEMENTATIONS = YES;
				CLANG_WARN_DIRECT_OBJC_ISA_USAGE = YES_ERROR;
				CLANG_WARN_DOCUMENTATION_COMMENTS = YES;
				CLANG_WARN_EMPTY_BODY = YES;
				CLANG_WARN_ENUM_CONVERSION = YES;
				CLANG_WARN_INFINITE_RECURSION = YES;
				CLANG_WARN_INT_CONVERSION = YES;
				CLANG_WARN_NON_LITERAL_NULL_CONVERSION = YES;
				CLANG_WARN_OBJC_IMPLICIT_RETAIN_SELF = YES;
				CLANG_WARN_OBJC_LITERAL_CONVERSION = YES;
				CLANG_WARN_OBJC_ROOT_CLASS = YES_ERROR;
				CLANG_WARN_QUOTED_INCLUDE_IN_FRAMEWORK_HEADER = YES;
				CLANG_WARN_RANGE_LOOP_ANALYSIS = YES;
				CLANG_WARN_STRICT_PROTOTYPES = YES;
				CLANG_WARN_SUSPICIOUS_MOVE = YES;
				CLANG_WARN_UNGUARDED_AVAILABILITY = YES_AGGRESSIVE;
				CLANG_WARN_UNREACHABLE_CODE = YES;
				CLANG_WARN__DUPLICATE_METHOD_MATCH = YES;
				COPY_PHASE_STRIP = NO;
				DEBUG_INFORMATION_FORMAT = dwarf;
				ENABLE_STRICT_OBJC_MSGSEND = YES;
				ENABLE_TESTABILITY = YES;
				GCC_C_LANGUAGE_STANDARD = gnu11;
				GCC_DYNAMIC_NO_PIC = NO;
				GCC_NO_COMMON_BLOCKS = YES;
				GCC_OPTIMIZATION_LEVEL = 0;
				GCC_PREPROCESSOR_DEFINITIONS = (
					"DEBUG=1",
					"$(inherited)",
				);
				GCC_WARN_64_TO_32_BIT_CONVERSION = YES;
				GCC_WARN_ABOUT_RETURN_TYPE = YES_ERROR;
				GCC_WARN_UNDECLARED_SELECTOR = YES;
				GCC_WARN_UNINITIALIZED_AUTOS = YES_AGGRESSIVE;
				GCC_WARN_UNUSED_FUNCTION = YES;
				GCC_WARN_UNUSED_VARIABLE = YES;
				IPHONEOS_DEPLOYMENT_TARGET = 16.4;
				MTL_ENABLE_DEBUG_INFO = INCLUDE_SOURCE;
				MTL_FAST_MATH = YES;
				ONLY_ACTIVE_ARCH = YES;
				SDKROOT = iphoneos;
				SWIFT_ACTIVE_COMPILATION_CONDITIONS = DEBUG;
				SWIFT_OPTIMIZATION_LEVEL = "-Onone";
			};
			name = Debug;
		};
		0CE5B1912A995A6200188ABF /* Release */ = {
			isa = XCBuildConfiguration;
			buildSettings = {
				ALWAYS_SEARCH_USER_PATHS = NO;
				CLANG_ANALYZER_NONNULL = YES;
				CLANG_ANALYZER_NUMBER_OBJECT_CONVERSION = YES_AGGRESSIVE;
				CLANG_CXX_LANGUAGE_STANDARD = "gnu++20";
				CLANG_ENABLE_MODULES = YES;
				CLANG_ENABLE_OBJC_ARC = YES;
				CLANG_ENABLE_OBJC_WEAK = YES;
				CLANG_WARN_BLOCK_CAPTURE_AUTORELEASING = YES;
				CLANG_WARN_BOOL_CONVERSION = YES;
				CLANG_WARN_COMMA = YES;
				CLANG_WARN_CONSTANT_CONVERSION = YES;
				CLANG_WARN_DEPRECATED_OBJC_IMPLEMENTATIONS = YES;
				CLANG_WARN_DIRECT_OBJC_ISA_USAGE = YES_ERROR;
				CLANG_WARN_DOCUMENTATION_COMMENTS = YES;
				CLANG_WARN_EMPTY_BODY = YES;
				CLANG_WARN_ENUM_CONVERSION = YES;
				CLANG_WARN_INFINITE_RECURSION = YES;
				CLANG_WARN_INT_CONVERSION = YES;
				CLANG_WARN_NON_LITERAL_NULL_CONVERSION = YES;
				CLANG_WARN_OBJC_IMPLICIT_RETAIN_SELF = YES;
				CLANG_WARN_OBJC_LITERAL_CONVERSION = YES;
				CLANG_WARN_OBJC_ROOT_CLASS = YES_ERROR;
				CLANG_WARN_QUOTED_INCLUDE_IN_FRAMEWORK_HEADER = YES;
				CLANG_WARN_RANGE_LOOP_ANALYSIS = YES;
				CLANG_WARN_STRICT_PROTOTYPES = YES;
				CLANG_WARN_SUSPICIOUS_MOVE = YES;
				CLANG_WARN_UNGUARDED_AVAILABILITY = YES_AGGRESSIVE;
				CLANG_WARN_UNREACHABLE_CODE = YES;
				CLANG_WARN__DUPLICATE_METHOD_MATCH = YES;
				COPY_PHASE_STRIP = NO;
				DEBUG_INFORMATION_FORMAT = "dwarf-with-dsym";
				ENABLE_NS_ASSERTIONS = NO;
				ENABLE_STRICT_OBJC_MSGSEND = YES;
				GCC_C_LANGUAGE_STANDARD = gnu11;
				GCC_NO_COMMON_BLOCKS = YES;
				GCC_WARN_64_TO_32_BIT_CONVERSION = YES;
				GCC_WARN_ABOUT_RETURN_TYPE = YES_ERROR;
				GCC_WARN_UNDECLARED_SELECTOR = YES;
				GCC_WARN_UNINITIALIZED_AUTOS = YES_AGGRESSIVE;
				GCC_WARN_UNUSED_FUNCTION = YES;
				GCC_WARN_UNUSED_VARIABLE = YES;
				IPHONEOS_DEPLOYMENT_TARGET = 16.4;
				MTL_ENABLE_DEBUG_INFO = NO;
				MTL_FAST_MATH = YES;
				SDKROOT = iphoneos;
				SWIFT_COMPILATION_MODE = wholemodule;
				SWIFT_OPTIMIZATION_LEVEL = "-O";
				VALIDATE_PRODUCT = YES;
			};
			name = Release;
		};
		0CE5B1932A995A6200188ABF /* Debug */ = {
			isa = XCBuildConfiguration;
			buildSettings = {
				ASSETCATALOG_COMPILER_APPICON_NAME = AppIcon;
				ASSETCATALOG_COMPILER_GLOBAL_ACCENT_COLOR_NAME = AccentColor;
				CODE_SIGN_STYLE = Automatic;
				CURRENT_PROJECT_VERSION = 1;
				DEVELOPMENT_ASSET_PATHS = "\"ChatApp/Preview Content\"";
				DEVELOPMENT_TEAM = N3XVVC9FA9;
				ENABLE_PREVIEWS = YES;
				GENERATE_INFOPLIST_FILE = YES;
				INFOPLIST_KEY_UIApplicationSceneManifest_Generation = YES;
				INFOPLIST_KEY_UIApplicationSupportsIndirectInputEvents = YES;
				INFOPLIST_KEY_UILaunchScreen_Generation = YES;
				INFOPLIST_KEY_UISupportedInterfaceOrientations_iPad = "UIInterfaceOrientationPortrait UIInterfaceOrientationPortraitUpsideDown UIInterfaceOrientationLandscapeLeft UIInterfaceOrientationLandscapeRight";
				INFOPLIST_KEY_UISupportedInterfaceOrientations_iPhone = "UIInterfaceOrientationPortrait UIInterfaceOrientationLandscapeLeft UIInterfaceOrientationLandscapeRight";
				LD_RUNPATH_SEARCH_PATHS = (
					"$(inherited)",
					"@executable_path/Frameworks",
				);
				MARKETING_VERSION = 1.0;
				PRODUCT_BUNDLE_IDENTIFIER = com.kevinguzman.ChatApp;
				PRODUCT_NAME = "$(TARGET_NAME)";
				SWIFT_EMIT_LOC_STRINGS = YES;
				SWIFT_VERSION = 5.0;
				TARGETED_DEVICE_FAMILY = "1,2";
			};
			name = Debug;
		};
		0CE5B1942A995A6200188ABF /* Release */ = {
			isa = XCBuildConfiguration;
			buildSettings = {
				ASSETCATALOG_COMPILER_APPICON_NAME = AppIcon;
				ASSETCATALOG_COMPILER_GLOBAL_ACCENT_COLOR_NAME = AccentColor;
				CODE_SIGN_STYLE = Automatic;
				CURRENT_PROJECT_VERSION = 1;
				DEVELOPMENT_ASSET_PATHS = "\"ChatApp/Preview Content\"";
				DEVELOPMENT_TEAM = N3XVVC9FA9;
				ENABLE_PREVIEWS = YES;
				GENERATE_INFOPLIST_FILE = YES;
				INFOPLIST_KEY_UIApplicationSceneManifest_Generation = YES;
				INFOPLIST_KEY_UIApplicationSupportsIndirectInputEvents = YES;
				INFOPLIST_KEY_UILaunchScreen_Generation = YES;
				INFOPLIST_KEY_UISupportedInterfaceOrientations_iPad = "UIInterfaceOrientationPortrait UIInterfaceOrientationPortraitUpsideDown UIInterfaceOrientationLandscapeLeft UIInterfaceOrientationLandscapeRight";
				INFOPLIST_KEY_UISupportedInterfaceOrientations_iPhone = "UIInterfaceOrientationPortrait UIInterfaceOrientationLandscapeLeft UIInterfaceOrientationLandscapeRight";
				LD_RUNPATH_SEARCH_PATHS = (
					"$(inherited)",
					"@executable_path/Frameworks",
				);
				MARKETING_VERSION = 1.0;
				PRODUCT_BUNDLE_IDENTIFIER = com.kevinguzman.ChatApp;
				PRODUCT_NAME = "$(TARGET_NAME)";
				SWIFT_EMIT_LOC_STRINGS = YES;
				SWIFT_VERSION = 5.0;
				TARGETED_DEVICE_FAMILY = "1,2";
			};
			name = Release;
		};
/* End XCBuildConfiguration section */

/* Begin XCConfigurationList section */
		0CE5B17F2A995A6100188ABF /* Build configuration list for PBXProject "ChatApp" */ = {
			isa = XCConfigurationList;
			buildConfigurations = (
				0CE5B1902A995A6200188ABF /* Debug */,
				0CE5B1912A995A6200188ABF /* Release */,
			);
			defaultConfigurationIsVisible = 0;
			defaultConfigurationName = Release;
		};
		0CE5B1922A995A6200188ABF /* Build configuration list for PBXNativeTarget "ChatApp" */ = {
			isa = XCConfigurationList;
			buildConfigurations = (
				0CE5B1932A995A6200188ABF /* Debug */,
				0CE5B1942A995A6200188ABF /* Release */,
			);
			defaultConfigurationIsVisible = 0;
			defaultConfigurationName = Release;
		};
/* End XCConfigurationList section */

/* Begin XCRemoteSwiftPackageReference section */
		0CE5B1A32A9968AF00188ABF /* XCRemoteSwiftPackageReference "firebase-ios-sdk" */ = {
			isa = XCRemoteSwiftPackageReference;
			repositoryURL = "https://github.com/firebase/firebase-ios-sdk";
			requirement = {
				kind = upToNextMajorVersion;
				minimumVersion = 10.0.0;
			};
		};
/* End XCRemoteSwiftPackageReference section */

/* Begin XCSwiftPackageProductDependency section */
		0CE5B1A42A9968AF00188ABF /* FirebaseFirestore */ = {
			isa = XCSwiftPackageProductDependency;
			package = 0CE5B1A32A9968AF00188ABF /* XCRemoteSwiftPackageReference "firebase-ios-sdk" */;
			productName = FirebaseFirestore;
		};
		0CE5B1A62A9968AF00188ABF /* FirebaseFirestoreSwift */ = {
			isa = XCSwiftPackageProductDependency;
			package = 0CE5B1A32A9968AF00188ABF /* XCRemoteSwiftPackageReference "firebase-ios-sdk" */;
			productName = FirebaseFirestoreSwift;
		};
/* End XCSwiftPackageProductDependency section */
	};
	rootObject = 0CE5B17C2A995A6100188ABF /* Project object */;
}
